
Microsoft Visual Studio Solution File, Format Version 12.00
# Visual Studio Version 16
VisualStudioVersion = 16.0.30225.117
MinimumVisualStudioVersion = 10.0.40219.1
Project("{FAE04EC0-301F-11D3-BF4B-00C04F79EFBC}") = "mini_jeu", "mini_jeu.csproj", "{0134A35A-5BEB-4FB0-90CC-D0747E533DC0}"
EndProject
Global
	GlobalSection(SolutionConfigurationPlatforms) = preSolution
		Debug|Any CPU = Debug|Any CPU
		Release|Any CPU = Release|Any CPU
	EndGlobalSection
	GlobalSection(ProjectConfigurationPlatforms) = postSolution
		{0134A35A-5BEB-4FB0-90CC-D0747E533DC0}.Debug|Any CPU.ActiveCfg = Debug|Any CPU
		{0134A35A-5BEB-4FB0-90CC-D0747E533DC0}.Debug|Any CPU.Build.0 = Debug|Any CPU
		{0134A35A-5BEB-4FB0-90CC-D0747E533DC0}.Release|Any CPU.ActiveCfg = Release|Any CPU
		{0134A35A-5BEB-4FB0-90CC-D0747E533DC0}.Release|Any CPU.Build.0 = Release|Any CPU
	EndGlobalSection
	GlobalSection(SolutionProperties) = preSolution
		HideSolutionNode = FALSE
	EndGlobalSection
	GlobalSection(ExtensibilityGlobals) = postSolution
		SolutionGuid = {1F0C11BC-2B6E-4A1C-B6CD-6904B851FC4A}
	EndGlobalSection
EndGlobal
